
Microsoft Visual Studio Solution File, Format Version 12.00
# Visual Studio Version 17
VisualStudioVersion = 17.10.35027.167
MinimumVisualStudioVersion = 10.0.40219.1
Project("{9A19103F-16F7-4668-BE54-9A1E7A4F7556}") = "Play Center Project", "Play Center Project\Play Center Project.csproj", "{A43A2D2F-0DBA-4E60-B74B-733268C48E91}"
EndProject
Project("{2150E333-8FDC-42A3-9474-1A3956D46DE8}") = "Solution Items", "Solution Items", "{F6269163-AA18-4470-978C-312C0E53BFCE}"
EndProject
Global
	GlobalSection(SolutionConfigurationPlatforms) = preSolution
		Debug|Any CPU = Debug|Any CPU
		Release|Any CPU = Release|Any CPU
	EndGlobalSection
	GlobalSection(ProjectConfigurationPlatforms) = postSolution
		{A43A2D2F-0DBA-4E60-B74B-733268C48E91}.Debug|Any CPU.ActiveCfg = Debug|Any CPU
		{A43A2D2F-0DBA-4E60-B74B-733268C48E91}.Debug|Any CPU.Build.0 = Debug|Any CPU
		{A43A2D2F-0DBA-4E60-B74B-733268C48E91}.Release|Any CPU.ActiveCfg = Release|Any CPU
		{A43A2D2F-0DBA-4E60-B74B-733268C48E91}.Release|Any CPU.Build.0 = Release|Any CPU
	EndGlobalSection
	GlobalSection(SolutionProperties) = preSolution
		HideSolutionNode = FALSE
	EndGlobalSection
	GlobalSection(ExtensibilityGlobals) = postSolution
		SolutionGuid = {5C277DD0-CA6B-41EB-A272-5F1B6DE65FDB}
	EndGlobalSection
EndGlobal
